// !$*UTF8*$!
{
	archiveVersion = 1;
	classes = {
	};
	objectVersion = 48;
	objects = {

/* Begin PBXBuildFile section */
		9A56BD881F4D7A72004370EA /* AppDelegate.swift in Sources */ = {isa = PBXBuildFile; fileRef = 9A56BD871F4D7A72004370EA /* AppDelegate.swift */; };
		9A56BD8A1F4D7A72004370EA /* ViewController.swift in Sources */ = {isa = PBXBuildFile; fileRef = 9A56BD891F4D7A72004370EA /* ViewController.swift */; };
		9A56BD8D1F4D7A72004370EA /* Main.storyboard in Resources */ = {isa = PBXBuildFile; fileRef = 9A56BD8B1F4D7A72004370EA /* Main.storyboard */; };
		9A56BD8F1F4D7A72004370EA /* Assets.xcassets in Resources */ = {isa = PBXBuildFile; fileRef = 9A56BD8E1F4D7A72004370EA /* Assets.xcassets */; };
		9A56BD921F4D7A72004370EA /* LaunchScreen.storyboard in Resources */ = {isa = PBXBuildFile; fileRef = 9A56BD901F4D7A72004370EA /* LaunchScreen.storyboard */; };
/* End PBXBuildFile section */

/* Begin PBXFileReference section */
		9A56BD841F4D7A71004370EA /* MantleSample.app */ = {isa = PBXFileReference; explicitFileType = wrapper.application; includeInIndex = 0; path = MantleSample.app; sourceTree = BUILT_PRODUCTS_DIR; };
		9A56BD871F4D7A72004370EA /* AppDelegate.swift */ = {isa = PBXFileReference; lastKnownFileType = sourcecode.swift; path = AppDelegate.swift; sourceTree = "<group>"; };
		9A56BD891F4D7A72004370EA /* ViewController.swift */ = {isa = PBXFileReference; lastKnownFileType = sourcecode.swift; path = ViewController.swift; sourceTree = "<group>"; };
		9A56BD8C1F4D7A72004370EA /* Base */ = {isa = PBXFileReference; lastKnownFileType = file.storyboard; name = Base; path = Base.lproj/Main.storyboard; sourceTree = "<group>"; };
		9A56BD8E1F4D7A72004370EA /* Assets.xcassets */ = {isa = PBXFileReference; lastKnownFileType = folder.assetcatalog; path = Assets.xcassets; sourceTree = "<group>"; };
		9A56BD911F4D7A72004370EA /* Base */ = {isa = PBXFileReference; lastKnownFileType = file.storyboard; name = Base; path = Base.lproj/LaunchScreen.storyboard; sourceTree = "<group>"; };
		9A56BD931F4D7A72004370EA /* Info.plist */ = {isa = PBXFileReference; lastKnownFileType = text.plist.xml; path = Info.plist; sourceTree = "<group>"; };
/* End PBXFileReference section */

/* Begin PBXFrameworksBuildPhase section */
		9A56BD811F4D7A71004370EA /* Frameworks */ = {
			isa = PBXFrameworksBuildPhase;
			buildActionMask = 2147483647;
			files = (
			);
			runOnlyForDeploymentPostprocessing = 0;
		};
/* End PBXFrameworksBuildPhase section */

/* Begin PBXGroup section */
		9A56BD7B1F4D7A71004370EA = {
			isa = PBXGroup;
			children = (
				9A56BD861F4D7A71004370EA /* MantleSample */,
				9A56BD851F4D7A71004370EA /* Products */,
			);
			sourceTree = "<group>";
		};
		9A56BD851F4D7A71004370EA /* Products */ = {
			isa = PBXGroup;
			children = (
				9A56BD841F4D7A71004370EA /* MantleSample.app */,
			);
			name = Products;
			sourceTree = "<group>";
		};
		9A56BD861F4D7A71004370EA /* MantleSample */ = {
			isa = PBXGroup;
			children = (
				9A56BD871F4D7A72004370EA /* AppDelegate.swift */,
				9A56BD891F4D7A72004370EA /* ViewController.swift */,
				9A56BD8B1F4D7A72004370EA /* Main.storyboard */,
				9A56BD8E1F4D7A72004370EA /* Assets.xcassets */,
				9A56BD901F4D7A72004370EA /* LaunchScreen.storyboard */,
				9A56BD931F4D7A72004370EA /* Info.plist */,
			);
			path = MantleSample;
			sourceTree = "<group>";
		};
/* End PBXGroup section */

/* Begin PBXNativeTarget section */
		9A56BD831F4D7A71004370EA /* MantleSample */ = {
			isa = PBXNativeTarget;
			buildConfigurationList = 9A56BD961F4D7A72004370EA /* Build configuration list for PBXNativeTarget "MantleSample" */;
			buildPhases = (
				9A56BD801F4D7A71004370EA /* Sources */,
				9A56BD811F4D7A71004370EA /* Frameworks */,
				9A56BD821F4D7A71004370EA /* Resources */,
			);
			buildRules = (
			);
			dependencies = (
			);
			name = MantleSample;
			productName = MantleSample;
			productReference = 9A56BD841F4D7A71004370EA /* MantleSample.app */;
			productType = "com.apple.product-type.application";
		};
/* End PBXNativeTarget section */

/* Begin PBXProject section */
		9A56BD7C1F4D7A71004370EA /* Project object */ = {
			isa = PBXProject;
			attributes = {
				LastSwiftUpdateCheck = 0900;
				LastUpgradeCheck = 0900;
				ORGANIZATIONNAME = "Emre Özdil";
				TargetAttributes = {
					9A56BD831F4D7A71004370EA = {
						CreatedOnToolsVersion = 9.0;
					};
				};
			};
			buildConfigurationList = 9A56BD7F1F4D7A71004370EA /* Build configuration list for PBXProject "MantleSample" */;
			compatibilityVersion = "Xcode 8.0";
			developmentRegion = en;
			hasScannedForEncodings = 0;
			knownRegions = (
				en,
				Base,
			);
			mainGroup = 9A56BD7B1F4D7A71004370EA;
			productRefGroup = 9A56BD851F4D7A71004370EA /* Products */;
			projectDirPath = "";
			projectRoot = "";
			targets = (
				9A56BD831F4D7A71004370EA /* MantleSample */,
			);
		};
/* End PBXProject section */

/* Begin PBXResourcesBuildPhase section */
		9A56BD821F4D7A71004370EA /* Resources */ = {
			isa = PBXResourcesBuildPhase;
			buildActionMask = 2147483647;
			files = (
				9A56BD921F4D7A72004370EA /* LaunchScreen.storyboard in Resources */,
				9A56BD8F1F4D7A72004370EA /* Assets.xcassets in Resources */,
				9A56BD8D1F4D7A72004370EA /* Main.storyboard in Resources */,
			);
			runOnlyForDeploymentPostprocessing = 0;
		};
/* End PBXResourcesBuildPhase section */

/* Begin PBXSourcesBuildPhase section */
		9A56BD801F4D7A71004370EA /* Sources */ = {
			isa = PBXSourcesBuildPhase;
			buildActionMask = 2147483647;
			files = (
				9A56BD8A1F4D7A72004370EA /* ViewController.swift in Sources */,
				9A56BD881F4D7A72004370EA /* AppDelegate.swift in Sources */,
			);
			runOnlyForDeploymentPostprocessing = 0;
		};
/* End PBXSourcesBuildPhase section */

/* Begin PBXVariantGroup section */
		9A56BD8B1F4D7A72004370EA /* Main.storyboard */ = {
			isa = PBXVariantGroup;
			children = (
				9A56BD8C1F4D7A72004370EA /* Base */,
			);
			name = Main.storyboard;
			sourceTree = "<group>";
		};
		9A56BD901F4D7A72004370EA /* LaunchScreen.storyboard */ = {
			isa = PBXVariantGroup;
			children = (
				9A56BD911F4D7A72004370EA /* Base */,
			);
			name = LaunchScreen.storyboard;
			sourceTree = "<group>";
		};
/* End PBXVariantGroup section */

/* Begin XCBuildConfiguration section */
		9A56BD941F4D7A72004370EA /* Debug */ = {
			isa = XCBuildConfiguration;
			buildSettings = {
				ALWAYS_SEARCH_USER_PATHS = NO;
				CLANG_ANALYZER_NONNULL = YES;
				CLANG_ANALYZER_NUMBER_OBJECT_CONVERSION = YES_AGGRESSIVE;
				CLANG_CXX_LANGUAGE_STANDARD = "gnu++14";
				CLANG_CXX_LIBRARY = "libc++";
				CLANG_ENABLE_MODULES = YES;
				CLANG_ENABLE_OBJC_ARC = YES;
				CLANG_WARN_BLOCK_CAPTURE_AUTORELEASING = YES;
				CLANG_WARN_BOOL_CONVERSION = YES;
				CLANG_WARN_COMMA = YES;
				CLANG_WARN_CONSTANT_CONVERSION = YES;
				CLANG_WARN_DIRECT_OBJC_ISA_USAGE = YES_ERROR;
				CLANG_WARN_DOCUMENTATION_COMMENTS = YES;
				CLANG_WARN_EMPTY_BODY = YES;
				CLANG_WARN_ENUM_CONVERSION = YES;
				CLANG_WARN_INFINITE_RECURSION = YES;
				CLANG_WARN_INT_CONVERSION = YES;
				CLANG_WARN_NON_LITERAL_NULL_CONVERSION = YES;
				CLANG_WARN_OBJC_LITERAL_CONVERSION = YES;
				CLANG_WARN_OBJC_ROOT_CLASS = YES_ERROR;
				CLANG_WARN_RANGE_LOOP_ANALYSIS = YES;
				CLANG_WARN_STRICT_PROTOTYPES = YES;
				CLANG_WARN_SUSPICIOUS_MOVE = YES;
				CLANG_WARN_UNGUARDED_AVAILABILITY = YES_AGGRESSIVE;
				CLANG_WARN_UNREACHABLE_CODE = YES;
				CLANG_WARN__DUPLICATE_METHOD_MATCH = YES;
				CODE_SIGN_IDENTITY = "iPhone Developer";
				COPY_PHASE_STRIP = NO;
				DEBUG_INFORMATION_FORMAT = dwarf;
				ENABLE_STRICT_OBJC_MSGSEND = YES;
				ENABLE_TESTABILITY = YES;
				GCC_C_LANGUAGE_STANDARD = gnu11;
				GCC_DYNAMIC_NO_PIC = NO;
				GCC_NO_COMMON_BLOCKS = YES;
				GCC_OPTIMIZATION_LEVEL = 0;
				GCC_PREPROCESSOR_DEFINITIONS = (
					"DEBUG=1",
					"$(inherited)",
				);
				GCC_WARN_64_TO_32_BIT_CONVERSION = YES;
				GCC_WARN_ABOUT_RETURN_TYPE = YES_ERROR;
				GCC_WARN_UNDECLARED_SELECTOR = YES;
				GCC_WARN_UNINITIALIZED_AUTOS = YES_AGGRESSIVE;
				GCC_WARN_UNUSED_FUNCTION = YES;
				GCC_WARN_UNUSED_VARIABLE = YES;
				IPHONEOS_DEPLOYMENT_TARGET = 11.0;
				MTL_ENABLE_DEBUG_INFO = YES;
				ONLY_ACTIVE_ARCH = YES;
				SDKROOT = iphoneos;
				SWIFT_ACTIVE_COMPILATION_CONDITIONS = DEBUG;
				SWIFT_OPTIMIZATION_LEVEL = "-Onone";
			};
			name = Debug;
		};
		9A56BD951F4D7A72004370EA /* Release */ = {
			isa = XCBuildConfiguration;
			buildSettings = {
				ALWAYS_SEARCH_USER_PATHS = NO;
				CLANG_ANALYZER_NONNULL = YES;
				CLANG_ANALYZER_NUMBER_OBJECT_CONVERSION = YES_AGGRESSIVE;
				CLANG_CXX_LANGUAGE_STANDARD = "gnu++14";
				CLANG_CXX_LIBRARY = "libc++";
				CLANG_ENABLE_MODULES = YES;
				CLANG_ENABLE_OBJC_ARC = YES;
				CLANG_WARN_BLOCK_CAPTURE_AUTORELEASING = YES;
				CLANG_WARN_BOOL_CONVERSION = YES;
				CLANG_WARN_COMMA = YES;
				CLANG_WARN_CONSTANT_CONVERSION = YES;
				CLANG_WARN_DIRECT_OBJC_ISA_USAGE = YES_ERROR;
				CLANG_WARN_DOCUMENTATION_COMMENTS = YES;
				CLANG_WARN_EMPTY_BODY = YES;
				CLANG_WARN_ENUM_CONVERSION = YES;
				CLANG_WARN_INFINITE_RECURSION = YES;
				CLANG_WARN_INT_CONVERSION = YES;
				CLANG_WARN_NON_LITERAL_NULL_CONVERSION = YES;
				CLANG_WARN_OBJC_LITERAL_CONVERSION = YES;
				CLANG_WARN_OBJC_ROOT_CLASS = YES_ERROR;
				CLANG_WARN_RANGE_LOOP_ANALYSIS = YES;
				CLANG_WARN_STRICT_PROTOTYPES = YES;
				CLANG_WARN_SUSPICIOUS_MOVE = YES;
				CLANG_WARN_UNGUARDED_AVAILABILITY = YES_AGGRESSIVE;
				CLANG_WARN_UNREACHABLE_CODE = YES;
				CLANG_WARN__DUPLICATE_METHOD_MATCH = YES;
				CODE_SIGN_IDENTITY = "iPhone Developer";
				COPY_PHASE_STRIP = NO;
				DEBUG_INFORMATION_FORMAT = "dwarf-with-dsym";
				ENABLE_NS_ASSERTIONS = NO;
				ENABLE_STRICT_OBJC_MSGSEND = YES;
				GCC_C_LANGUAGE_STANDARD = gnu11;
				GCC_NO_COMMON_BLOCKS = YES;
				GCC_WARN_64_TO_32_BIT_CONVERSION = YES;
				GCC_WARN_ABOUT_RETURN_TYPE = YES_ERROR;
				GCC_WARN_UNDECLARED_SELECTOR = YES;
				GCC_WARN_UNINITIALIZED_AUTOS = YES_AGGRESSIVE;
				GCC_WARN_UNUSED_FUNCTION = YES;
				GCC_WARN_UNUSED_VARIABLE = YES;
				IPHONEOS_DEPLOYMENT_TARGET = 11.0;
				MTL_ENABLE_DEBUG_INFO = NO;
				SDKROOT = iphoneos;
				SWIFT_OPTIMIZATION_LEVEL = "-Owholemodule";
				VALIDATE_PRODUCT = YES;
			};
			name = Release;
		};
		9A56BD971F4D7A72004370EA /* Debug */ = {
			isa = XCBuildConfiguration;
			buildSettings = {
				ASSETCATALOG_COMPILER_APPICON_NAME = AppIcon;
				DEVELOPMENT_TEAM = 73Y2UKHRPT;
				INFOPLIST_FILE = MantleSample/Info.plist;
				LD_RUNPATH_SEARCH_PATHS = "$(inherited) @executable_path/Frameworks";
				PRODUCT_BUNDLE_IDENTIFIER = com.emreozdil.MantleSample;
				PRODUCT_NAME = "$(TARGET_NAME)";
				SWIFT_VERSION = 4.0;
				TARGETED_DEVICE_FAMILY = "1,2";
			};
			name = Debug;
		};
		9A56BD981F4D7A72004370EA /* Release */ = {
			isa = XCBuildConfiguration;
			buildSettings = {
				ASSETCATALOG_COMPILER_APPICON_NAME = AppIcon;
				DEVELOPMENT_TEAM = 73Y2UKHRPT;
				INFOPLIST_FILE = MantleSample/Info.plist;
				LD_RUNPATH_SEARCH_PATHS = "$(inherited) @executable_path/Frameworks";
				PRODUCT_BUNDLE_IDENTIFIER = com.emreozdil.MantleSample;
				PRODUCT_NAME = "$(TARGET_NAME)";
				SWIFT_VERSION = 4.0;
				TARGETED_DEVICE_FAMILY = "1,2";
			};
			name = Release;
		};
/* End XCBuildConfiguration section */

/* Begin XCConfigurationList section */
		9A56BD7F1F4D7A71004370EA /* Build configuration list for PBXProject "MantleSample" */ = {
			isa = XCConfigurationList;
			buildConfigurations = (
				9A56BD941F4D7A72004370EA /* Debug */,
				9A56BD951F4D7A72004370EA /* Release */,
			);
			defaultConfigurationIsVisible = 0;
			defaultConfigurationName = Release;
		};
		9A56BD961F4D7A72004370EA /* Build configuration list for PBXNativeTarget "MantleSample" */ = {
			isa = XCConfigurationList;
			buildConfigurations = (
				9A56BD971F4D7A72004370EA /* Debug */,
				9A56BD981F4D7A72004370EA /* Release */,
			);
			defaultConfigurationIsVisible = 0;
			defaultConfigurationName = Release;
		};
/* End XCConfigurationList section */
	};
	rootObject = 9A56BD7C1F4D7A71004370EA /* Project object */;
}
